{
  "requires": true,
  "lockfileVersion": 1,
  "dependencies": {
    "emoji-picker-react": {
      "version": "3.6.1",
      "resolved": "https://registry.npmjs.org/emoji-picker-react/-/emoji-picker-react-3.6.1.tgz",
      "integrity": "sha512-bJNvpdf3wO+1z4V/GKZC159zSAgUjLP8gdgGzvi/sFjy11Zpi/O9a8/G2rpQwy+QBePnmvS1F+MqcNVJvilEGA=="
    }
  }
}
